
Microsoft Visual Studio Solution File, Format Version 12.00
# Visual Studio Version 17
VisualStudioVersion = 17.6.33712.159
MinimumVisualStudioVersion = 10.0.40219.1
Project("{FAE04EC0-301F-11D3-BF4B-00C04F79EFBC}") = "WinPrintLimiterService", "WinPrintLimiterService.csproj", "{AD421F2F-12DF-4FD3-9E95-6A32E7732E51}"
EndProject
Project("{FAE04EC0-301F-11D3-BF4B-00C04F79EFBC}") = "WinPrintLimiter", "..\WinPrintLimiter\WinPrintLimiter.csproj", "{A34A4BE1-A747-4331-AC86-8F29C2B59F12}"
EndProject
Project("{FAE04EC0-301F-11D3-BF4B-00C04F79EFBC}") = "WinPrintLimiterInstaller", "..\WinPrintLimiterInstaller\WinPrintLimiterInstaller.csproj", "{29C6D1B8-DB70-4AC0-BA03-E7C3A0FB6A78}"
EndProject
Project("{FAE04EC0-301F-11D3-BF4B-00C04F79EFBC}") = "WinPrintLimiterControlServer", "..\WinPrintLimiterControlServer\WinPrintLimiterControlServer.csproj", "{6842C484-04AC-4D01-97FB-823FABB9ECCC}"
EndProject
Global
	GlobalSection(SolutionConfigurationPlatforms) = preSolution
		Debug|Any CPU = Debug|Any CPU
		Release|Any CPU = Release|Any CPU
	EndGlobalSection
	GlobalSection(ProjectConfigurationPlatforms) = postSolution
		{AD421F2F-12DF-4FD3-9E95-6A32E7732E51}.Debug|Any CPU.ActiveCfg = Debug|Any CPU
		{AD421F2F-12DF-4FD3-9E95-6A32E7732E51}.Debug|Any CPU.Build.0 = Debug|Any CPU
		{AD421F2F-12DF-4FD3-9E95-6A32E7732E51}.Release|Any CPU.ActiveCfg = Release|Any CPU
		{AD421F2F-12DF-4FD3-9E95-6A32E7732E51}.Release|Any CPU.Build.0 = Release|Any CPU
		{A34A4BE1-A747-4331-AC86-8F29C2B59F12}.Debug|Any CPU.ActiveCfg = Debug|Any CPU
		{A34A4BE1-A747-4331-AC86-8F29C2B59F12}.Debug|Any CPU.Build.0 = Debug|Any CPU
		{A34A4BE1-A747-4331-AC86-8F29C2B59F12}.Release|Any CPU.ActiveCfg = Release|Any CPU
		{A34A4BE1-A747-4331-AC86-8F29C2B59F12}.Release|Any CPU.Build.0 = Release|Any CPU
		{29C6D1B8-DB70-4AC0-BA03-E7C3A0FB6A78}.Debug|Any CPU.ActiveCfg = Debug|Any CPU
		{29C6D1B8-DB70-4AC0-BA03-E7C3A0FB6A78}.Debug|Any CPU.Build.0 = Debug|Any CPU
		{29C6D1B8-DB70-4AC0-BA03-E7C3A0FB6A78}.Release|Any CPU.ActiveCfg = Release|Any CPU
		{29C6D1B8-DB70-4AC0-BA03-E7C3A0FB6A78}.Release|Any CPU.Build.0 = Release|Any CPU
		{6842C484-04AC-4D01-97FB-823FABB9ECCC}.Debug|Any CPU.ActiveCfg = Debug|Any CPU
		{6842C484-04AC-4D01-97FB-823FABB9ECCC}.Debug|Any CPU.Build.0 = Debug|Any CPU
		{6842C484-04AC-4D01-97FB-823FABB9ECCC}.Release|Any CPU.ActiveCfg = Release|Any CPU
		{6842C484-04AC-4D01-97FB-823FABB9ECCC}.Release|Any CPU.Build.0 = Release|Any CPU
	EndGlobalSection
	GlobalSection(SolutionProperties) = preSolution
		HideSolutionNode = FALSE
	EndGlobalSection
	GlobalSection(ExtensibilityGlobals) = postSolution
		SolutionGuid = {B8E58488-93AA-4B29-AAFB-6EDB6E1C10A7}
	EndGlobalSection
EndGlobal
